
Microsoft Visual Studio Solution File, Format Version 12.00
# Visual Studio Version 17
VisualStudioVersion = 17.9.34701.34
MinimumVisualStudioVersion = 10.0.40219.1
Project("{FAE04EC0-301F-11D3-BF4B-00C04F79EFBC}") = "Chatty application", "Chatty application\Chatty application.csproj", "{C6A4872B-EC76-4BF9-93DE-A0C3B57BEC08}"
EndProject
Project("{FAE04EC0-301F-11D3-BF4B-00C04F79EFBC}") = "ChatServer", "ChattServer\ChatServer.csproj", "{C84784C5-607B-4CBA-AC99-D37AD3E0B70A}"
EndProject
Global
	GlobalSection(SolutionConfigurationPlatforms) = preSolution
		Debug|Any CPU = Debug|Any CPU
		Release|Any CPU = Release|Any CPU
	EndGlobalSection
	GlobalSection(ProjectConfigurationPlatforms) = postSolution
		{C6A4872B-EC76-4BF9-93DE-A0C3B57BEC08}.Debug|Any CPU.ActiveCfg = Debug|Any CPU
		{C6A4872B-EC76-4BF9-93DE-A0C3B57BEC08}.Debug|Any CPU.Build.0 = Debug|Any CPU
		{C6A4872B-EC76-4BF9-93DE-A0C3B57BEC08}.Release|Any CPU.ActiveCfg = Release|Any CPU
		{C6A4872B-EC76-4BF9-93DE-A0C3B57BEC08}.Release|Any CPU.Build.0 = Release|Any CPU
		{C84784C5-607B-4CBA-AC99-D37AD3E0B70A}.Debug|Any CPU.ActiveCfg = Debug|Any CPU
		{C84784C5-607B-4CBA-AC99-D37AD3E0B70A}.Debug|Any CPU.Build.0 = Debug|Any CPU
		{C84784C5-607B-4CBA-AC99-D37AD3E0B70A}.Release|Any CPU.ActiveCfg = Release|Any CPU
		{C84784C5-607B-4CBA-AC99-D37AD3E0B70A}.Release|Any CPU.Build.0 = Release|Any CPU
	EndGlobalSection
	GlobalSection(SolutionProperties) = preSolution
		HideSolutionNode = FALSE
	EndGlobalSection
	GlobalSection(ExtensibilityGlobals) = postSolution
		SolutionGuid = {E4EF440E-C97A-420F-9C33-623A4EC45334}
	EndGlobalSection
EndGlobal
